
Microsoft Visual Studio Solution File, Format Version 12.00
# Visual Studio Version 16
VisualStudioVersion = 16.0.31005.135
MinimumVisualStudioVersion = 10.0.40219.1
Project("{FAE04EC0-301F-11D3-BF4B-00C04F79EFBC}") = "EmployeeInfo", "EmployeeInfo\EmployeeInfo.csproj", "{8C8352C6-7168-43ED-86B2-6F914077D150}"
EndProject
Global
	GlobalSection(SolutionConfigurationPlatforms) = preSolution
		Debug|Any CPU = Debug|Any CPU
		Release|Any CPU = Release|Any CPU
	EndGlobalSection
	GlobalSection(ProjectConfigurationPlatforms) = postSolution
		{8C8352C6-7168-43ED-86B2-6F914077D150}.Debug|Any CPU.ActiveCfg = Debug|Any CPU
		{8C8352C6-7168-43ED-86B2-6F914077D150}.Debug|Any CPU.Build.0 = Debug|Any CPU
		{8C8352C6-7168-43ED-86B2-6F914077D150}.Release|Any CPU.ActiveCfg = Release|Any CPU
		{8C8352C6-7168-43ED-86B2-6F914077D150}.Release|Any CPU.Build.0 = Release|Any CPU
	EndGlobalSection
	GlobalSection(SolutionProperties) = preSolution
		HideSolutionNode = FALSE
	EndGlobalSection
	GlobalSection(ExtensibilityGlobals) = postSolution
		SolutionGuid = {E384F67D-47C8-4681-9C65-59D1A377C18A}
	EndGlobalSection
EndGlobal
